
Microsoft Visual Studio Solution File, Format Version 12.00
# Visual Studio 15
VisualStudioVersion = 15.0.28307.421
MinimumVisualStudioVersion = 10.0.40219.1
Project("{FAE04EC0-301F-11D3-BF4B-00C04F79EFBC}") = "JWTAuthentication", "JWTAuthentication\JWTAuthentication.csproj", "{666F1C4E-A617-4D70-8E88-8D37D744FA63}"
EndProject
Global
	GlobalSection(SolutionConfigurationPlatforms) = preSolution
		Debug|Any CPU = Debug|Any CPU
		Release|Any CPU = Release|Any CPU
	EndGlobalSection
	GlobalSection(ProjectConfigurationPlatforms) = postSolution
		{666F1C4E-A617-4D70-8E88-8D37D744FA63}.Debug|Any CPU.ActiveCfg = Debug|Any CPU
		{666F1C4E-A617-4D70-8E88-8D37D744FA63}.Debug|Any CPU.Build.0 = Debug|Any CPU
		{666F1C4E-A617-4D70-8E88-8D37D744FA63}.Release|Any CPU.ActiveCfg = Release|Any CPU
		{666F1C4E-A617-4D70-8E88-8D37D744FA63}.Release|Any CPU.Build.0 = Release|Any CPU
	EndGlobalSection
	GlobalSection(SolutionProperties) = preSolution
		HideSolutionNode = FALSE
	EndGlobalSection
	GlobalSection(ExtensibilityGlobals) = postSolution
		SolutionGuid = {1F2AFEF9-13C4-49D0-B644-EAAE467EFF70}
	EndGlobalSection
EndGlobal
